{
  "name": "datas",
  "version": "1.0.0",
  "lockfileVersion": 3,
  "requires": true,
  "packages": {
    "": {
      "name": "datas",
      "version": "1.0.0",
      "license": "ISC",
      "dependencies": {
        "hyphen": "^1.13.0",
        "hyphenation.en-us": "^0.2.1",
        "hypher": "^0.2.5",
        "text-to-ipa": "^1.0.0"
      }
    },
    "node_modules/hyphen": {
      "version": "1.13.0",
      "resolved": "https://registry.npmjs.org/hyphen/-/hyphen-1.13.0.tgz",
      "integrity": "sha512-flZoIooovWALhu04Z3ooPWQldjTOgLDs5DlbUxTjnIyhQKu9ukljKWwElFCUyVi6TBk210bMBlaMG8eW3bXU+g==",
      "license": "ISC"
    },
    "node_modules/hyphenation.en-us": {
      "version": "0.2.1",
      "resolved": "https://registry.npmjs.org/hyphenation.en-us/-/hyphenation.en-us-0.2.1.tgz",
      "integrity": "sha512-ItXYgvIpfN8rfXl/GTBQC7DsSb5PPsKh9gGzViK/iWzCS5mvjDebFJ6xCcIYo8dal+nSp2rUzvTT7BosrKlL8A==",
      "dependencies": {
        "hypher": "*"
      }
    },
    "node_modules/hypher": {
      "version": "0.2.5",
      "resolved": "https://registry.npmjs.org/hypher/-/hypher-0.2.5.tgz",
      "integrity": "sha512-kUTpuyzBWWDO2VakmjHC/cxesg4lKQP+Fdc+7lrK4yvjNjkV9vm5UTZMDAwOyyHTOpbkYrAMlNZHG61NnE9vYQ==",
      "license": "BSD-3-Clause"
    },
    "node_modules/text-to-ipa": {
      "version": "1.0.0",
      "resolved": "https://registry.npmjs.org/text-to-ipa/-/text-to-ipa-1.0.0.tgz",
      "integrity": "sha512-IeUg3FyvuLNMKTxxsu3ZjRRPiMmfrBQb+kUcvq+gu/fbL8Z2obFqYZ8LB96NhMHNsoa9DpCtTp7dKV7TQEpt7Q=="
    }
  }
}
